
Microsoft Visual Studio Solution File, Format Version 9.00
# Visual Studio 2005
Project("{E24C65DC-7377-472B-9ABA-BC803B73C61A}") = "C:\...\UploadFilesystem\", "UploadFilesystem", "{5A52EA8E-77FB-4B2A-8587-A5855201379F}"
	ProjectSection(WebsiteProperties) = preProject
		SccProjectName = ""
		SccAuxPath = ""
		SccLocalPath = ""
		SccProvider = ""
		Debug.AspNetCompiler.VirtualPath = "/UploadFilesystem"
		Debug.AspNetCompiler.PhysicalPath = "UploadFilesystem\"
		Debug.AspNetCompiler.TargetPath = "PrecompiledWeb\UploadFilesystem\"
		Debug.AspNetCompiler.Updateable = "true"
		Debug.AspNetCompiler.ForceOverwrite = "true"
		Debug.AspNetCompiler.FixedNames = "false"
		Debug.AspNetCompiler.Debug = "True"
		Release.AspNetCompiler.VirtualPath = "/UploadFilesystem"
		Release.AspNetCompiler.PhysicalPath = "UploadFilesystem\"
		Release.AspNetCompiler.TargetPath = "PrecompiledWeb\UploadFilesystem\"
		Release.AspNetCompiler.Updateable = "true"
		Release.AspNetCompiler.ForceOverwrite = "true"
		Release.AspNetCompiler.FixedNames = "false"
		Release.AspNetCompiler.Debug = "False"
		VWDPort = "52848"
	EndProjectSection
EndProject
Project("{E24C65DC-7377-472B-9ABA-BC803B73C61A}") = "C:\...\DownloadFilesystem\", "DownloadFilesystem", "{35D8FFE2-BAAF-4859-8D78-12EEF6DBF068}"
	ProjectSection(WebsiteProperties) = preProject
		SccProjectName = ""
		SccAuxPath = ""
		SccLocalPath = ""
		SccProvider = ""
		Debug.AspNetCompiler.VirtualPath = "/DownloadFilesystem"
		Debug.AspNetCompiler.PhysicalPath = "DownloadFilesystem\"
		Debug.AspNetCompiler.TargetPath = "PrecompiledWeb\DownloadFilesystem\"
		Debug.AspNetCompiler.Updateable = "true"
		Debug.AspNetCompiler.ForceOverwrite = "true"
		Debug.AspNetCompiler.FixedNames = "false"
		Debug.AspNetCompiler.Debug = "True"
		Release.AspNetCompiler.VirtualPath = "/DownloadFilesystem"
		Release.AspNetCompiler.PhysicalPath = "DownloadFilesystem\"
		Release.AspNetCompiler.TargetPath = "PrecompiledWeb\DownloadFilesystem\"
		Release.AspNetCompiler.Updateable = "true"
		Release.AspNetCompiler.ForceOverwrite = "true"
		Release.AspNetCompiler.FixedNames = "false"
		Release.AspNetCompiler.Debug = "False"
		VWDPort = "55825"
	EndProjectSection
EndProject
Project("{FAE04EC0-301F-11D3-BF4B-00C04F79EFBC}") = "UploadHelper", "UploadHelper\UploadHelper.csproj", "{02FBD52C-B997-4D18-9E2C-81B5AE8EFB30}"
	ProjectSection(WebsiteProperties) = preProject
		Debug.AspNetCompiler.Debug = "True"
		Release.AspNetCompiler.Debug = "False"
	EndProjectSection
EndProject
Global
	GlobalSection(SolutionConfigurationPlatforms) = preSolution
		Debug|.NET = Debug|.NET
		Debug|Any CPU = Debug|Any CPU
		Debug|Mixed Platforms = Debug|Mixed Platforms
		Release|.NET = Release|.NET
		Release|Any CPU = Release|Any CPU
		Release|Mixed Platforms = Release|Mixed Platforms
	EndGlobalSection
	GlobalSection(ProjectConfigurationPlatforms) = postSolution
		{5A52EA8E-77FB-4B2A-8587-A5855201379F}.Debug|.NET.ActiveCfg = Debug|.NET
		{5A52EA8E-77FB-4B2A-8587-A5855201379F}.Debug|.NET.Build.0 = Debug|.NET
		{5A52EA8E-77FB-4B2A-8587-A5855201379F}.Debug|Any CPU.ActiveCfg = Debug|.NET
		{5A52EA8E-77FB-4B2A-8587-A5855201379F}.Debug|Mixed Platforms.ActiveCfg = Debug|.NET
		{5A52EA8E-77FB-4B2A-8587-A5855201379F}.Debug|Mixed Platforms.Build.0 = Debug|.NET
		{5A52EA8E-77FB-4B2A-8587-A5855201379F}.Release|.NET.ActiveCfg = Debug|.NET
		{5A52EA8E-77FB-4B2A-8587-A5855201379F}.Release|.NET.Build.0 = Debug|.NET
		{5A52EA8E-77FB-4B2A-8587-A5855201379F}.Release|Any CPU.ActiveCfg = Debug|.NET
		{5A52EA8E-77FB-4B2A-8587-A5855201379F}.Release|Mixed Platforms.ActiveCfg = Debug|.NET
		{5A52EA8E-77FB-4B2A-8587-A5855201379F}.Release|Mixed Platforms.Build.0 = Debug|.NET
		{35D8FFE2-BAAF-4859-8D78-12EEF6DBF068}.Debug|.NET.ActiveCfg = Debug|.NET
		{35D8FFE2-BAAF-4859-8D78-12EEF6DBF068}.Debug|.NET.Build.0 = Debug|.NET
		{35D8FFE2-BAAF-4859-8D78-12EEF6DBF068}.Debug|Any CPU.ActiveCfg = Debug|.NET
		{35D8FFE2-BAAF-4859-8D78-12EEF6DBF068}.Debug|Mixed Platforms.ActiveCfg = Debug|.NET
		{35D8FFE2-BAAF-4859-8D78-12EEF6DBF068}.Debug|Mixed Platforms.Build.0 = Debug|.NET
		{35D8FFE2-BAAF-4859-8D78-12EEF6DBF068}.Release|.NET.ActiveCfg = Debug|.NET
		{35D8FFE2-BAAF-4859-8D78-12EEF6DBF068}.Release|.NET.Build.0 = Debug|.NET
		{35D8FFE2-BAAF-4859-8D78-12EEF6DBF068}.Release|Any CPU.ActiveCfg = Debug|.NET
		{35D8FFE2-BAAF-4859-8D78-12EEF6DBF068}.Release|Mixed Platforms.ActiveCfg = Debug|.NET
		{35D8FFE2-BAAF-4859-8D78-12EEF6DBF068}.Release|Mixed Platforms.Build.0 = Debug|.NET
		{02FBD52C-B997-4D18-9E2C-81B5AE8EFB30}.Debug|.NET.ActiveCfg = Debug|Any CPU
		{02FBD52C-B997-4D18-9E2C-81B5AE8EFB30}.Debug|Any CPU.ActiveCfg = Debug|Any CPU
		{02FBD52C-B997-4D18-9E2C-81B5AE8EFB30}.Debug|Any CPU.Build.0 = Debug|Any CPU
		{02FBD52C-B997-4D18-9E2C-81B5AE8EFB30}.Debug|Mixed Platforms.ActiveCfg = Debug|Any CPU
		{02FBD52C-B997-4D18-9E2C-81B5AE8EFB30}.Debug|Mixed Platforms.Build.0 = Debug|Any CPU
		{02FBD52C-B997-4D18-9E2C-81B5AE8EFB30}.Release|.NET.ActiveCfg = Release|Any CPU
		{02FBD52C-B997-4D18-9E2C-81B5AE8EFB30}.Release|Any CPU.ActiveCfg = Release|Any CPU
		{02FBD52C-B997-4D18-9E2C-81B5AE8EFB30}.Release|Any CPU.Build.0 = Release|Any CPU
		{02FBD52C-B997-4D18-9E2C-81B5AE8EFB30}.Release|Mixed Platforms.ActiveCfg = Release|Any CPU
		{02FBD52C-B997-4D18-9E2C-81B5AE8EFB30}.Release|Mixed Platforms.Build.0 = Release|Any CPU
	EndGlobalSection
	GlobalSection(SolutionProperties) = preSolution
		HideSolutionNode = FALSE
	EndGlobalSection
EndGlobal
